
Microsoft Visual Studio Solution File, Format Version 12.00
# Visual Studio 15
Project("{FAE04EC0-301F-11D3-BF4B-00C04F79EFBC}") = "SystemAssembly", "SystemAssembly.csproj", "{4FE00608-0200-34CD-E506-4BC225DFE626}"
EndProject
Project("{FAE04EC0-301F-11D3-BF4B-00C04F79EFBC}") = "AllAssembly", "AllAssembly.csproj", "{37CE991F-4D6D-E3BE-D84A-C1CC35F80ED3}"
EndProject
Project("{FAE04EC0-301F-11D3-BF4B-00C04F79EFBC}") = "EnemyAssembly", "EnemyAssembly.csproj", "{E265DB5F-D657-32F8-0E49-EE0D1881DFC9}"
EndProject
Project("{FAE04EC0-301F-11D3-BF4B-00C04F79EFBC}") = "PlaymodeTests", "PlaymodeTests.csproj", "{E660B5AD-6AE9-1572-8872-DBFA1B5FEE4C}"
EndProject
Project("{FAE04EC0-301F-11D3-BF4B-00C04F79EFBC}") = "AdditionalAssembly", "AdditionalAssembly.csproj", "{AE49E75B-F17A-396A-E946-BA02DE9FA5C8}"
EndProject
Project("{FAE04EC0-301F-11D3-BF4B-00C04F79EFBC}") = "PlayerScripts", "PlayerScripts.csproj", "{A6A909EA-D38C-BEDE-0B81-BDD190A742AE}"
EndProject
Global
	GlobalSection(SolutionConfigurationPlatforms) = preSolution
		Debug|Any CPU = Debug|Any CPU
		Release|Any CPU = Release|Any CPU
	EndGlobalSection
	GlobalSection(ProjectConfigurationPlatforms) = postSolution
		{4FE00608-0200-34CD-E506-4BC225DFE626}.Debug|Any CPU.ActiveCfg = Debug|Any CPU
		{4FE00608-0200-34CD-E506-4BC225DFE626}.Debug|Any CPU.Build.0 = Debug|Any CPU
		{4FE00608-0200-34CD-E506-4BC225DFE626}.Release|Any CPU.ActiveCfg = Release|Any CPU
		{4FE00608-0200-34CD-E506-4BC225DFE626}.Release|Any CPU.Build.0 = Release|Any CPU
		{37CE991F-4D6D-E3BE-D84A-C1CC35F80ED3}.Debug|Any CPU.ActiveCfg = Debug|Any CPU
		{37CE991F-4D6D-E3BE-D84A-C1CC35F80ED3}.Debug|Any CPU.Build.0 = Debug|Any CPU
		{37CE991F-4D6D-E3BE-D84A-C1CC35F80ED3}.Release|Any CPU.ActiveCfg = Release|Any CPU
		{37CE991F-4D6D-E3BE-D84A-C1CC35F80ED3}.Release|Any CPU.Build.0 = Release|Any CPU
		{E265DB5F-D657-32F8-0E49-EE0D1881DFC9}.Debug|Any CPU.ActiveCfg = Debug|Any CPU
		{E265DB5F-D657-32F8-0E49-EE0D1881DFC9}.Debug|Any CPU.Build.0 = Debug|Any CPU
		{E265DB5F-D657-32F8-0E49-EE0D1881DFC9}.Release|Any CPU.ActiveCfg = Release|Any CPU
		{E265DB5F-D657-32F8-0E49-EE0D1881DFC9}.Release|Any CPU.Build.0 = Release|Any CPU
		{E660B5AD-6AE9-1572-8872-DBFA1B5FEE4C}.Debug|Any CPU.ActiveCfg = Debug|Any CPU
		{E660B5AD-6AE9-1572-8872-DBFA1B5FEE4C}.Debug|Any CPU.Build.0 = Debug|Any CPU
		{E660B5AD-6AE9-1572-8872-DBFA1B5FEE4C}.Release|Any CPU.ActiveCfg = Release|Any CPU
		{E660B5AD-6AE9-1572-8872-DBFA1B5FEE4C}.Release|Any CPU.Build.0 = Release|Any CPU
		{AE49E75B-F17A-396A-E946-BA02DE9FA5C8}.Debug|Any CPU.ActiveCfg = Debug|Any CPU
		{AE49E75B-F17A-396A-E946-BA02DE9FA5C8}.Debug|Any CPU.Build.0 = Debug|Any CPU
		{AE49E75B-F17A-396A-E946-BA02DE9FA5C8}.Release|Any CPU.ActiveCfg = Release|Any CPU
		{AE49E75B-F17A-396A-E946-BA02DE9FA5C8}.Release|Any CPU.Build.0 = Release|Any CPU
		{A6A909EA-D38C-BEDE-0B81-BDD190A742AE}.Debug|Any CPU.ActiveCfg = Debug|Any CPU
		{A6A909EA-D38C-BEDE-0B81-BDD190A742AE}.Debug|Any CPU.Build.0 = Debug|Any CPU
		{A6A909EA-D38C-BEDE-0B81-BDD190A742AE}.Release|Any CPU.ActiveCfg = Release|Any CPU
		{A6A909EA-D38C-BEDE-0B81-BDD190A742AE}.Release|Any CPU.Build.0 = Release|Any CPU
	EndGlobalSection
	GlobalSection(SolutionProperties) = preSolution
		HideSolutionNode = FALSE
	EndGlobalSection
EndGlobal
